// !$*UTF8*$!
{
	archiveVersion = 1;
	classes = {
	};
	objectVersion = 56;
	objects = {

/* Begin PBXBuildFile section */
		DD2D16B82C06440200C31F60 /* PersonalView.swift in Sources */ = {isa = PBXBuildFile; fileRef = DD2D16B72C06440200C31F60 /* PersonalView.swift */; };
		DD2D16BC2C0674AD00C31F60 /* SearchView.swift in Sources */ = {isa = PBXBuildFile; fileRef = DD2D16BB2C0674AD00C31F60 /* SearchView.swift */; };
		DD2D16BE2C067B9E00C31F60 /* DesktopView.swift in Sources */ = {isa = PBXBuildFile; fileRef = DD2D16BD2C067B9E00C31F60 /* DesktopView.swift */; };
		DD359B112C04CBDE007E28BA /* UserManager.swift in Sources */ = {isa = PBXBuildFile; fileRef = DD359B102C04CBDE007E28BA /* UserManager.swift */; };
		DD498F392C1132190094263A /* LiveClassManager.swift in Sources */ = {isa = PBXBuildFile; fileRef = DD498F382C1132190094263A /* LiveClassManager.swift */; };
		DD498F3D2C11FF320094263A /* ReviewView.swift in Sources */ = {isa = PBXBuildFile; fileRef = DD498F3C2C11FF320094263A /* ReviewView.swift */; };
		DD6622882C08C60000B5ABBA /* AuthenticationManager.swift in Sources */ = {isa = PBXBuildFile; fileRef = DD6622872C08C60000B5ABBA /* AuthenticationManager.swift */; };
		DD761A732C04B9CF00F024AA /* FirebaseFirestore in Frameworks */ = {isa = PBXBuildFile; productRef = DD761A722C04B9CF00F024AA /* FirebaseFirestore */; };
		DD761A752C04B9CF00F024AA /* FirebaseFirestoreSwift in Frameworks */ = {isa = PBXBuildFile; productRef = DD761A742C04B9CF00F024AA /* FirebaseFirestoreSwift */; };
		DD7973912C0E24570070FE42 /* ClassManager.swift in Sources */ = {isa = PBXBuildFile; fileRef = DD7973902C0E24570070FE42 /* ClassManager.swift */; };
		DD7973932C0E2A5B0070FE42 /* GoogleService-Info.plist in Resources */ = {isa = PBXBuildFile; fileRef = DD7973922C0E2A5B0070FE42 /* GoogleService-Info.plist */; };
		DD7973952C0F28230070FE42 /* ProfileView.swift in Sources */ = {isa = PBXBuildFile; fileRef = DD7973942C0F28230070FE42 /* ProfileView.swift */; };
		DD7973992C0F40010070FE42 /* EditClassView.swift in Sources */ = {isa = PBXBuildFile; fileRef = DD7973982C0F40010070FE42 /* EditClassView.swift */; };
		DD79739B2C10C6990070FE42 /* ClassDetailView.swift in Sources */ = {isa = PBXBuildFile; fileRef = DD79739A2C10C6990070FE42 /* ClassDetailView.swift */; };
		DDC1964A2C03709B00403717 /* TeachApp.swift in Sources */ = {isa = PBXBuildFile; fileRef = DDC196492C03709B00403717 /* TeachApp.swift */; };
		DDC1964C2C03709B00403717 /* ContentView.swift in Sources */ = {isa = PBXBuildFile; fileRef = DDC1964B2C03709B00403717 /* ContentView.swift */; };
		DDC1964E2C03709C00403717 /* Assets.xcassets in Resources */ = {isa = PBXBuildFile; fileRef = DDC1964D2C03709C00403717 /* Assets.xcassets */; };
		DDC196512C03709C00403717 /* Preview Assets.xcassets in Resources */ = {isa = PBXBuildFile; fileRef = DDC196502C03709C00403717 /* Preview Assets.xcassets */; };
		DDC1965B2C0371B700403717 /* FirebaseAnalytics in Frameworks */ = {isa = PBXBuildFile; productRef = DDC1965A2C0371B700403717 /* FirebaseAnalytics */; };
		DDC1965D2C0371B700403717 /* FirebaseAnalyticsSwift in Frameworks */ = {isa = PBXBuildFile; productRef = DDC1965C2C0371B700403717 /* FirebaseAnalyticsSwift */; };
		DDC196602C0373B000403717 /* FirebaseAuth in Frameworks */ = {isa = PBXBuildFile; productRef = DDC1965F2C0373B000403717 /* FirebaseAuth */; };
		DDC196632C03742B00403717 /* LogInView.swift in Sources */ = {isa = PBXBuildFile; fileRef = DDC196622C03742B00403717 /* LogInView.swift */; };
		DDC196652C03745A00403717 /* SignUpView.swift in Sources */ = {isa = PBXBuildFile; fileRef = DDC196642C03745A00403717 /* SignUpView.swift */; };
		DDC196692C0380D600403717 /* RootView.swift in Sources */ = {isa = PBXBuildFile; fileRef = DDC196682C0380D600403717 /* RootView.swift */; };
		DDC1966B2C03840200403717 /* SettingView.swift in Sources */ = {isa = PBXBuildFile; fileRef = DDC1966A2C03840200403717 /* SettingView.swift */; };
/* End PBXBuildFile section */

/* Begin PBXFileReference section */
		DD2D16B72C06440200C31F60 /* PersonalView.swift */ = {isa = PBXFileReference; fileEncoding = 4; lastKnownFileType = sourcecode.swift; path = PersonalView.swift; sourceTree = "<group>"; };
		DD2D16BB2C0674AD00C31F60 /* SearchView.swift */ = {isa = PBXFileReference; lastKnownFileType = sourcecode.swift; path = SearchView.swift; sourceTree = "<group>"; };
		DD2D16BD2C067B9E00C31F60 /* DesktopView.swift */ = {isa = PBXFileReference; lastKnownFileType = sourcecode.swift; path = DesktopView.swift; sourceTree = "<group>"; };
		DD359B102C04CBDE007E28BA /* UserManager.swift */ = {isa = PBXFileReference; lastKnownFileType = sourcecode.swift; path = UserManager.swift; sourceTree = "<group>"; };
		DD498F382C1132190094263A /* LiveClassManager.swift */ = {isa = PBXFileReference; lastKnownFileType = sourcecode.swift; path = LiveClassManager.swift; sourceTree = "<group>"; };
		DD498F3C2C11FF320094263A /* ReviewView.swift */ = {isa = PBXFileReference; lastKnownFileType = sourcecode.swift; path = ReviewView.swift; sourceTree = "<group>"; };
		DD6622872C08C60000B5ABBA /* AuthenticationManager.swift */ = {isa = PBXFileReference; lastKnownFileType = sourcecode.swift; path = AuthenticationManager.swift; sourceTree = "<group>"; };
		DD7973902C0E24570070FE42 /* ClassManager.swift */ = {isa = PBXFileReference; lastKnownFileType = sourcecode.swift; path = ClassManager.swift; sourceTree = "<group>"; };
		DD7973922C0E2A5B0070FE42 /* GoogleService-Info.plist */ = {isa = PBXFileReference; fileEncoding = 4; lastKnownFileType = text.plist.xml; path = "GoogleService-Info.plist"; sourceTree = "<group>"; };
		DD7973942C0F28230070FE42 /* ProfileView.swift */ = {isa = PBXFileReference; lastKnownFileType = sourcecode.swift; path = ProfileView.swift; sourceTree = "<group>"; };
		DD7973982C0F40010070FE42 /* EditClassView.swift */ = {isa = PBXFileReference; lastKnownFileType = sourcecode.swift; path = EditClassView.swift; sourceTree = "<group>"; };
		DD79739A2C10C6990070FE42 /* ClassDetailView.swift */ = {isa = PBXFileReference; lastKnownFileType = sourcecode.swift; path = ClassDetailView.swift; sourceTree = "<group>"; };
		DDC196462C03709B00403717 /* Teach.app */ = {isa = PBXFileReference; explicitFileType = wrapper.application; includeInIndex = 0; path = Teach.app; sourceTree = BUILT_PRODUCTS_DIR; };
		DDC196492C03709B00403717 /* TeachApp.swift */ = {isa = PBXFileReference; lastKnownFileType = sourcecode.swift; path = TeachApp.swift; sourceTree = "<group>"; };
		DDC1964B2C03709B00403717 /* ContentView.swift */ = {isa = PBXFileReference; lastKnownFileType = sourcecode.swift; path = ContentView.swift; sourceTree = "<group>"; };
		DDC1964D2C03709C00403717 /* Assets.xcassets */ = {isa = PBXFileReference; lastKnownFileType = folder.assetcatalog; path = Assets.xcassets; sourceTree = "<group>"; };
		DDC196502C03709C00403717 /* Preview Assets.xcassets */ = {isa = PBXFileReference; lastKnownFileType = folder.assetcatalog; path = "Preview Assets.xcassets"; sourceTree = "<group>"; };
		DDC196622C03742B00403717 /* LogInView.swift */ = {isa = PBXFileReference; lastKnownFileType = sourcecode.swift; path = LogInView.swift; sourceTree = "<group>"; };
		DDC196642C03745A00403717 /* SignUpView.swift */ = {isa = PBXFileReference; lastKnownFileType = sourcecode.swift; path = SignUpView.swift; sourceTree = "<group>"; };
		DDC196682C0380D600403717 /* RootView.swift */ = {isa = PBXFileReference; lastKnownFileType = sourcecode.swift; path = RootView.swift; sourceTree = "<group>"; };
		DDC1966A2C03840200403717 /* SettingView.swift */ = {isa = PBXFileReference; lastKnownFileType = sourcecode.swift; path = SettingView.swift; sourceTree = "<group>"; };
/* End PBXFileReference section */

/* Begin PBXFrameworksBuildPhase section */
		DDC196432C03709B00403717 /* Frameworks */ = {
			isa = PBXFrameworksBuildPhase;
			buildActionMask = 2147483647;
			files = (
				DD761A752C04B9CF00F024AA /* FirebaseFirestoreSwift in Frameworks */,
				DDC1965D2C0371B700403717 /* FirebaseAnalyticsSwift in Frameworks */,
				DD761A732C04B9CF00F024AA /* FirebaseFirestore in Frameworks */,
				DDC196602C0373B000403717 /* FirebaseAuth in Frameworks */,
				DDC1965B2C0371B700403717 /* FirebaseAnalytics in Frameworks */,
			);
			runOnlyForDeploymentPostprocessing = 0;
		};
/* End PBXFrameworksBuildPhase section */

/* Begin PBXGroup section */
		DD359B0F2C04CBC9007E28BA /* FireStore */ = {
			isa = PBXGroup;
			children = (
				DD359B102C04CBDE007E28BA /* UserManager.swift */,
				DD7973902C0E24570070FE42 /* ClassManager.swift */,
				DD498F382C1132190094263A /* LiveClassManager.swift */,
			);
			path = FireStore;
			sourceTree = "<group>";
		};
		DD761A762C04BA5900F024AA /* CoreView */ = {
			isa = PBXGroup;
			children = (
				DD2D16B72C06440200C31F60 /* PersonalView.swift */,
				DDC1966A2C03840200403717 /* SettingView.swift */,
				DDC196682C0380D600403717 /* RootView.swift */,
				DD2D16BB2C0674AD00C31F60 /* SearchView.swift */,
				DD2D16BD2C067B9E00C31F60 /* DesktopView.swift */,
				DD7973942C0F28230070FE42 /* ProfileView.swift */,
				DD7973982C0F40010070FE42 /* EditClassView.swift */,
				DD79739A2C10C6990070FE42 /* ClassDetailView.swift */,
				DD498F3C2C11FF320094263A /* ReviewView.swift */,
			);
			path = CoreView;
			sourceTree = "<group>";
		};
		DDC1963D2C03709B00403717 = {
			isa = PBXGroup;
			children = (
				DDC196482C03709B00403717 /* Teach */,
				DDC196472C03709B00403717 /* Products */,
				DDC1965E2C0373B000403717 /* Frameworks */,
			);
			sourceTree = "<group>";
		};
		DDC196472C03709B00403717 /* Products */ = {
			isa = PBXGroup;
			children = (
				DDC196462C03709B00403717 /* Teach.app */,
			);
			name = Products;
			sourceTree = "<group>";
		};
		DDC196482C03709B00403717 /* Teach */ = {
			isa = PBXGroup;
			children = (
				DD7973922C0E2A5B0070FE42 /* GoogleService-Info.plist */,
				DD359B0F2C04CBC9007E28BA /* FireStore */,
				DD761A762C04BA5900F024AA /* CoreView */,
				DDC196612C03740B00403717 /* Authentication */,
				DDC196492C03709B00403717 /* TeachApp.swift */,
				DDC1964B2C03709B00403717 /* ContentView.swift */,
				DDC1964D2C03709C00403717 /* Assets.xcassets */,
				DDC1964F2C03709C00403717 /* Preview Content */,
			);
			path = Teach;
			sourceTree = "<group>";
		};
		DDC1964F2C03709C00403717 /* Preview Content */ = {
			isa = PBXGroup;
			children = (
				DDC196502C03709C00403717 /* Preview Assets.xcassets */,
			);
			path = "Preview Content";
			sourceTree = "<group>";
		};
		DDC1965E2C0373B000403717 /* Frameworks */ = {
			isa = PBXGroup;
			children = (
			);
			name = Frameworks;
			sourceTree = "<group>";
		};
		DDC196612C03740B00403717 /* Authentication */ = {
			isa = PBXGroup;
			children = (
				DDC196622C03742B00403717 /* LogInView.swift */,
				DDC196642C03745A00403717 /* SignUpView.swift */,
				DD6622872C08C60000B5ABBA /* AuthenticationManager.swift */,
			);
			path = Authentication;
			sourceTree = "<group>";
		};
/* End PBXGroup section */

/* Begin PBXNativeTarget section */
		DDC196452C03709B00403717 /* Teach */ = {
			isa = PBXNativeTarget;
			buildConfigurationList = DDC196542C03709C00403717 /* Build configuration list for PBXNativeTarget "Teach" */;
			buildPhases = (
				DDC196422C03709B00403717 /* Sources */,
				DDC196432C03709B00403717 /* Frameworks */,
				DDC196442C03709B00403717 /* Resources */,
			);
			buildRules = (
			);
			dependencies = (
			);
			name = Teach;
			packageProductDependencies = (
				DDC1965A2C0371B700403717 /* FirebaseAnalytics */,
				DDC1965C2C0371B700403717 /* FirebaseAnalyticsSwift */,
				DDC1965F2C0373B000403717 /* FirebaseAuth */,
				DD761A722C04B9CF00F024AA /* FirebaseFirestore */,
				DD761A742C04B9CF00F024AA /* FirebaseFirestoreSwift */,
			);
			productName = Teach;
			productReference = DDC196462C03709B00403717 /* Teach.app */;
			productType = "com.apple.product-type.application";
		};
/* End PBXNativeTarget section */

/* Begin PBXProject section */
		DDC1963E2C03709B00403717 /* Project object */ = {
			isa = PBXProject;
			attributes = {
				BuildIndependentTargetsInParallel = 1;
				LastSwiftUpdateCheck = 1540;
				LastUpgradeCheck = 1540;
				TargetAttributes = {
					DDC196452C03709B00403717 = {
						CreatedOnToolsVersion = 15.4;
					};
				};
			};
			buildConfigurationList = DDC196412C03709B00403717 /* Build configuration list for PBXProject "Teach" */;
			compatibilityVersion = "Xcode 14.0";
			developmentRegion = en;
			hasScannedForEncodings = 0;
			knownRegions = (
				en,
				Base,
			);
			mainGroup = DDC1963D2C03709B00403717;
			packageReferences = (
				DDC196592C0371B700403717 /* XCRemoteSwiftPackageReference "firebase-ios-sdk" */,
			);
			productRefGroup = DDC196472C03709B00403717 /* Products */;
			projectDirPath = "";
			projectRoot = "";
			targets = (
				DDC196452C03709B00403717 /* Teach */,
			);
		};
/* End PBXProject section */

/* Begin PBXResourcesBuildPhase section */
		DDC196442C03709B00403717 /* Resources */ = {
			isa = PBXResourcesBuildPhase;
			buildActionMask = 2147483647;
			files = (
				DDC196512C03709C00403717 /* Preview Assets.xcassets in Resources */,
				DDC1964E2C03709C00403717 /* Assets.xcassets in Resources */,
				DD7973932C0E2A5B0070FE42 /* GoogleService-Info.plist in Resources */,
			);
			runOnlyForDeploymentPostprocessing = 0;
		};
/* End PBXResourcesBuildPhase section */

/* Begin PBXSourcesBuildPhase section */
		DDC196422C03709B00403717 /* Sources */ = {
			isa = PBXSourcesBuildPhase;
			buildActionMask = 2147483647;
			files = (
				DD359B112C04CBDE007E28BA /* UserManager.swift in Sources */,
				DD7973952C0F28230070FE42 /* ProfileView.swift in Sources */,
				DD498F392C1132190094263A /* LiveClassManager.swift in Sources */,
				DD2D16B82C06440200C31F60 /* PersonalView.swift in Sources */,
				DDC1966B2C03840200403717 /* SettingView.swift in Sources */,
				DD2D16BC2C0674AD00C31F60 /* SearchView.swift in Sources */,
				DD7973992C0F40010070FE42 /* EditClassView.swift in Sources */,
				DDC196652C03745A00403717 /* SignUpView.swift in Sources */,
				DDC196632C03742B00403717 /* LogInView.swift in Sources */,
				DD6622882C08C60000B5ABBA /* AuthenticationManager.swift in Sources */,
				DD7973912C0E24570070FE42 /* ClassManager.swift in Sources */,
				DDC196692C0380D600403717 /* RootView.swift in Sources */,
				DDC1964C2C03709B00403717 /* ContentView.swift in Sources */,
				DD79739B2C10C6990070FE42 /* ClassDetailView.swift in Sources */,
				DD498F3D2C11FF320094263A /* ReviewView.swift in Sources */,
				DD2D16BE2C067B9E00C31F60 /* DesktopView.swift in Sources */,
				DDC1964A2C03709B00403717 /* TeachApp.swift in Sources */,
			);
			runOnlyForDeploymentPostprocessing = 0;
		};
/* End PBXSourcesBuildPhase section */

/* Begin XCBuildConfiguration section */
		DDC196522C03709C00403717 /* Debug */ = {
			isa = XCBuildConfiguration;
			buildSettings = {
				ALWAYS_SEARCH_USER_PATHS = NO;
				ASSETCATALOG_COMPILER_GENERATE_SWIFT_ASSET_SYMBOL_EXTENSIONS = YES;
				CLANG_ANALYZER_NONNULL = YES;
				CLANG_ANALYZER_NUMBER_OBJECT_CONVERSION = YES_AGGRESSIVE;
				CLANG_CXX_LANGUAGE_STANDARD = "gnu++20";
				CLANG_ENABLE_MODULES = YES;
				CLANG_ENABLE_OBJC_ARC = YES;
				CLANG_ENABLE_OBJC_WEAK = YES;
				CLANG_WARN_BLOCK_CAPTURE_AUTORELEASING = YES;
				CLANG_WARN_BOOL_CONVERSION = YES;
				CLANG_WARN_COMMA = YES;
				CLANG_WARN_CONSTANT_CONVERSION = YES;
				CLANG_WARN_DEPRECATED_OBJC_IMPLEMENTATIONS = YES;
				CLANG_WARN_DIRECT_OBJC_ISA_USAGE = YES_ERROR;
				CLANG_WARN_DOCUMENTATION_COMMENTS = YES;
				CLANG_WARN_EMPTY_BODY = YES;
				CLANG_WARN_ENUM_CONVERSION = YES;
				CLANG_WARN_INFINITE_RECURSION = YES;
				CLANG_WARN_INT_CONVERSION = YES;
				CLANG_WARN_NON_LITERAL_NULL_CONVERSION = YES;
				CLANG_WARN_OBJC_IMPLICIT_RETAIN_SELF = YES;
				CLANG_WARN_OBJC_LITERAL_CONVERSION = YES;
				CLANG_WARN_OBJC_ROOT_CLASS = YES_ERROR;
				CLANG_WARN_QUOTED_INCLUDE_IN_FRAMEWORK_HEADER = YES;
				CLANG_WARN_RANGE_LOOP_ANALYSIS = YES;
				CLANG_WARN_STRICT_PROTOTYPES = YES;
				CLANG_WARN_SUSPICIOUS_MOVE = YES;
				CLANG_WARN_UNGUARDED_AVAILABILITY = YES_AGGRESSIVE;
				CLANG_WARN_UNREACHABLE_CODE = YES;
				CLANG_WARN__DUPLICATE_METHOD_MATCH = YES;
				COPY_PHASE_STRIP = NO;
				DEBUG_INFORMATION_FORMAT = dwarf;
				ENABLE_STRICT_OBJC_MSGSEND = YES;
				ENABLE_TESTABILITY = YES;
				ENABLE_USER_SCRIPT_SANDBOXING = YES;
				GCC_C_LANGUAGE_STANDARD = gnu17;
				GCC_DYNAMIC_NO_PIC = NO;
				GCC_NO_COMMON_BLOCKS = YES;
				GCC_OPTIMIZATION_LEVEL = 0;
				GCC_PREPROCESSOR_DEFINITIONS = (
					"DEBUG=1",
					"$(inherited)",
				);
				GCC_WARN_64_TO_32_BIT_CONVERSION = YES;
				GCC_WARN_ABOUT_RETURN_TYPE = YES_ERROR;
				GCC_WARN_UNDECLARED_SELECTOR = YES;
				GCC_WARN_UNINITIALIZED_AUTOS = YES_AGGRESSIVE;
				GCC_WARN_UNUSED_FUNCTION = YES;
				GCC_WARN_UNUSED_VARIABLE = YES;
				IPHONEOS_DEPLOYMENT_TARGET = 17.5;
				LOCALIZATION_PREFERS_STRING_CATALOGS = YES;
				MTL_ENABLE_DEBUG_INFO = INCLUDE_SOURCE;
				MTL_FAST_MATH = YES;
				ONLY_ACTIVE_ARCH = YES;
				SDKROOT = iphoneos;
				SWIFT_ACTIVE_COMPILATION_CONDITIONS = "DEBUG $(inherited)";
				SWIFT_OPTIMIZATION_LEVEL = "-Onone";
			};
			name = Debug;
		};
		DDC196532C03709C00403717 /* Release */ = {
			isa = XCBuildConfiguration;
			buildSettings = {
				ALWAYS_SEARCH_USER_PATHS = NO;
				ASSETCATALOG_COMPILER_GENERATE_SWIFT_ASSET_SYMBOL_EXTENSIONS = YES;
				CLANG_ANALYZER_NONNULL = YES;
				CLANG_ANALYZER_NUMBER_OBJECT_CONVERSION = YES_AGGRESSIVE;
				CLANG_CXX_LANGUAGE_STANDARD = "gnu++20";
				CLANG_ENABLE_MODULES = YES;
				CLANG_ENABLE_OBJC_ARC = YES;
				CLANG_ENABLE_OBJC_WEAK = YES;
				CLANG_WARN_BLOCK_CAPTURE_AUTORELEASING = YES;
				CLANG_WARN_BOOL_CONVERSION = YES;
				CLANG_WARN_COMMA = YES;
				CLANG_WARN_CONSTANT_CONVERSION = YES;
				CLANG_WARN_DEPRECATED_OBJC_IMPLEMENTATIONS = YES;
				CLANG_WARN_DIRECT_OBJC_ISA_USAGE = YES_ERROR;
				CLANG_WARN_DOCUMENTATION_COMMENTS = YES;
				CLANG_WARN_EMPTY_BODY = YES;
				CLANG_WARN_ENUM_CONVERSION = YES;
				CLANG_WARN_INFINITE_RECURSION = YES;
				CLANG_WARN_INT_CONVERSION = YES;
				CLANG_WARN_NON_LITERAL_NULL_CONVERSION = YES;
				CLANG_WARN_OBJC_IMPLICIT_RETAIN_SELF = YES;
				CLANG_WARN_OBJC_LITERAL_CONVERSION = YES;
				CLANG_WARN_OBJC_ROOT_CLASS = YES_ERROR;
				CLANG_WARN_QUOTED_INCLUDE_IN_FRAMEWORK_HEADER = YES;
				CLANG_WARN_RANGE_LOOP_ANALYSIS = YES;
				CLANG_WARN_STRICT_PROTOTYPES = YES;
				CLANG_WARN_SUSPICIOUS_MOVE = YES;
				CLANG_WARN_UNGUARDED_AVAILABILITY = YES_AGGRESSIVE;
				CLANG_WARN_UNREACHABLE_CODE = YES;
				CLANG_WARN__DUPLICATE_METHOD_MATCH = YES;
				COPY_PHASE_STRIP = NO;
				DEBUG_INFORMATION_FORMAT = "dwarf-with-dsym";
				ENABLE_NS_ASSERTIONS = NO;
				ENABLE_STRICT_OBJC_MSGSEND = YES;
				ENABLE_USER_SCRIPT_SANDBOXING = YES;
				GCC_C_LANGUAGE_STANDARD = gnu17;
				GCC_NO_COMMON_BLOCKS = YES;
				GCC_WARN_64_TO_32_BIT_CONVERSION = YES;
				GCC_WARN_ABOUT_RETURN_TYPE = YES_ERROR;
				GCC_WARN_UNDECLARED_SELECTOR = YES;
				GCC_WARN_UNINITIALIZED_AUTOS = YES_AGGRESSIVE;
				GCC_WARN_UNUSED_FUNCTION = YES;
				GCC_WARN_UNUSED_VARIABLE = YES;
				IPHONEOS_DEPLOYMENT_TARGET = 17.5;
				LOCALIZATION_PREFERS_STRING_CATALOGS = YES;
				MTL_ENABLE_DEBUG_INFO = NO;
				MTL_FAST_MATH = YES;
				SDKROOT = iphoneos;
				SWIFT_COMPILATION_MODE = wholemodule;
				VALIDATE_PRODUCT = YES;
			};
			name = Release;
		};
		DDC196552C03709C00403717 /* Debug */ = {
			isa = XCBuildConfiguration;
			buildSettings = {
				ASSETCATALOG_COMPILER_APPICON_NAME = AppIcon;
				ASSETCATALOG_COMPILER_GLOBAL_ACCENT_COLOR_NAME = AccentColor;
				CODE_SIGN_IDENTITY = "Apple Development";
				CODE_SIGN_STYLE = Automatic;
				CURRENT_PROJECT_VERSION = 1;
				DEVELOPMENT_ASSET_PATHS = "\"Teach/Preview Content\"";
				DEVELOPMENT_TEAM = VXFRGB7BCX;
				ENABLE_PREVIEWS = YES;
				GENERATE_INFOPLIST_FILE = YES;
				INFOPLIST_KEY_UIApplicationSceneManifest_Generation = YES;
				INFOPLIST_KEY_UIApplicationSupportsIndirectInputEvents = YES;
				INFOPLIST_KEY_UILaunchScreen_Generation = YES;
				INFOPLIST_KEY_UISupportedInterfaceOrientations_iPad = "UIInterfaceOrientationPortrait UIInterfaceOrientationPortraitUpsideDown UIInterfaceOrientationLandscapeLeft UIInterfaceOrientationLandscapeRight";
				INFOPLIST_KEY_UISupportedInterfaceOrientations_iPhone = "UIInterfaceOrientationPortrait UIInterfaceOrientationLandscapeLeft UIInterfaceOrientationLandscapeRight";
				IPHONEOS_DEPLOYMENT_TARGET = 16.0;
				LD_RUNPATH_SEARCH_PATHS = (
					"$(inherited)",
					"@executable_path/Frameworks",
				);
				MARKETING_VERSION = 1.0;
				PRODUCT_BUNDLE_IDENTIFIER = Yifan.UniTeach;
				PRODUCT_NAME = "$(TARGET_NAME)";
				PROVISIONING_PROFILE_SPECIFIER = "";
				SWIFT_EMIT_LOC_STRINGS = YES;
				SWIFT_VERSION = 5.0;
				TARGETED_DEVICE_FAMILY = "1,2";
			};
			name = Debug;
		};
		DDC196562C03709C00403717 /* Release */ = {
			isa = XCBuildConfiguration;
			buildSettings = {
				ASSETCATALOG_COMPILER_APPICON_NAME = AppIcon;
				ASSETCATALOG_COMPILER_GLOBAL_ACCENT_COLOR_NAME = AccentColor;
				CODE_SIGN_IDENTITY = "Apple Development";
				CODE_SIGN_STYLE = Automatic;
				CURRENT_PROJECT_VERSION = 1;
				DEVELOPMENT_ASSET_PATHS = "\"Teach/Preview Content\"";
				DEVELOPMENT_TEAM = VXFRGB7BCX;
				ENABLE_PREVIEWS = YES;
				GENERATE_INFOPLIST_FILE = YES;
				INFOPLIST_KEY_UIApplicationSceneManifest_Generation = YES;
				INFOPLIST_KEY_UIApplicationSupportsIndirectInputEvents = YES;
				INFOPLIST_KEY_UILaunchScreen_Generation = YES;
				INFOPLIST_KEY_UISupportedInterfaceOrientations_iPad = "UIInterfaceOrientationPortrait UIInterfaceOrientationPortraitUpsideDown UIInterfaceOrientationLandscapeLeft UIInterfaceOrientationLandscapeRight";
				INFOPLIST_KEY_UISupportedInterfaceOrientations_iPhone = "UIInterfaceOrientationPortrait UIInterfaceOrientationLandscapeLeft UIInterfaceOrientationLandscapeRight";
				IPHONEOS_DEPLOYMENT_TARGET = 16.0;
				LD_RUNPATH_SEARCH_PATHS = (
					"$(inherited)",
					"@executable_path/Frameworks",
				);
				MARKETING_VERSION = 1.0;
				PRODUCT_BUNDLE_IDENTIFIER = Yifan.UniTeach;
				PRODUCT_NAME = "$(TARGET_NAME)";
				PROVISIONING_PROFILE_SPECIFIER = "";
				SWIFT_EMIT_LOC_STRINGS = YES;
				SWIFT_VERSION = 5.0;
				TARGETED_DEVICE_FAMILY = "1,2";
			};
			name = Release;
		};
/* End XCBuildConfiguration section */

/* Begin XCConfigurationList section */
		DDC196412C03709B00403717 /* Build configuration list for PBXProject "Teach" */ = {
			isa = XCConfigurationList;
			buildConfigurations = (
				DDC196522C03709C00403717 /* Debug */,
				DDC196532C03709C00403717 /* Release */,
			);
			defaultConfigurationIsVisible = 0;
			defaultConfigurationName = Release;
		};
		DDC196542C03709C00403717 /* Build configuration list for PBXNativeTarget "Teach" */ = {
			isa = XCConfigurationList;
			buildConfigurations = (
				DDC196552C03709C00403717 /* Debug */,
				DDC196562C03709C00403717 /* Release */,
			);
			defaultConfigurationIsVisible = 0;
			defaultConfigurationName = Release;
		};
/* End XCConfigurationList section */

/* Begin XCRemoteSwiftPackageReference section */
		DDC196592C0371B700403717 /* XCRemoteSwiftPackageReference "firebase-ios-sdk" */ = {
			isa = XCRemoteSwiftPackageReference;
			repositoryURL = "https://github.com/firebase/firebase-ios-sdk";
			requirement = {
				kind = upToNextMajorVersion;
				minimumVersion = 10.26.0;
			};
		};
/* End XCRemoteSwiftPackageReference section */

/* Begin XCSwiftPackageProductDependency section */
		DD761A722C04B9CF00F024AA /* FirebaseFirestore */ = {
			isa = XCSwiftPackageProductDependency;
			package = DDC196592C0371B700403717 /* XCRemoteSwiftPackageReference "firebase-ios-sdk" */;
			productName = FirebaseFirestore;
		};
		DD761A742C04B9CF00F024AA /* FirebaseFirestoreSwift */ = {
			isa = XCSwiftPackageProductDependency;
			package = DDC196592C0371B700403717 /* XCRemoteSwiftPackageReference "firebase-ios-sdk" */;
			productName = FirebaseFirestoreSwift;
		};
		DDC1965A2C0371B700403717 /* FirebaseAnalytics */ = {
			isa = XCSwiftPackageProductDependency;
			package = DDC196592C0371B700403717 /* XCRemoteSwiftPackageReference "firebase-ios-sdk" */;
			productName = FirebaseAnalytics;
		};
		DDC1965C2C0371B700403717 /* FirebaseAnalyticsSwift */ = {
			isa = XCSwiftPackageProductDependency;
			package = DDC196592C0371B700403717 /* XCRemoteSwiftPackageReference "firebase-ios-sdk" */;
			productName = FirebaseAnalyticsSwift;
		};
		DDC1965F2C0373B000403717 /* FirebaseAuth */ = {
			isa = XCSwiftPackageProductDependency;
			package = DDC196592C0371B700403717 /* XCRemoteSwiftPackageReference "firebase-ios-sdk" */;
			productName = FirebaseAuth;
		};
/* End XCSwiftPackageProductDependency section */
	};
	rootObject = DDC1963E2C03709B00403717 /* Project object */;
}
